
Microsoft Visual Studio Solution File, Format Version 12.00
# Visual Studio Version 17
VisualStudioVersion = 17.4.33403.182
MinimumVisualStudioVersion = 10.0.40219.1
Project("{9A19103F-16F7-4668-BE54-9A1E7A4F7556}") = "ModTutorial", "ModTutorial.csproj", "{0120738D-94F8-4795-BFC1-AF3BA10B0612}"
EndProject
Global
	GlobalSection(SolutionConfigurationPlatforms) = preSolution
		Debug|Any CPU = Debug|Any CPU
		Release|Any CPU = Release|Any CPU
	EndGlobalSection
	GlobalSection(ProjectConfigurationPlatforms) = postSolution
		{0120738D-94F8-4795-BFC1-AF3BA10B0612}.Debug|Any CPU.ActiveCfg = Debug|Any CPU
		{0120738D-94F8-4795-BFC1-AF3BA10B0612}.Debug|Any CPU.Build.0 = Debug|Any CPU
		{0120738D-94F8-4795-BFC1-AF3BA10B0612}.Release|Any CPU.ActiveCfg = Release|Any CPU
		{0120738D-94F8-4795-BFC1-AF3BA10B0612}.Release|Any CPU.Build.0 = Release|Any CPU
	EndGlobalSection
	GlobalSection(SolutionProperties) = preSolution
		HideSolutionNode = FALSE
	EndGlobalSection
	GlobalSection(ExtensibilityGlobals) = postSolution
		SolutionGuid = {02E7BC78-C009-4B5A-8DAC-358411E1F581}
	EndGlobalSection
EndGlobal
